{
  "requires": true,
  "lockfileVersion": 1,
  "dependencies": {
    "esri-loader": {
      "version": "2.15.0",
      "resolved": "https://registry.npmjs.org/esri-loader/-/esri-loader-2.15.0.tgz",
      "integrity": "sha512-n5LtVQaLURxhQMK0dc/GSfpnC//h3OhV9YkPAqHc3mO3aYkmJ+t8pVkboI2dDTWGKuCbp8MYmR400cZVkuyHmw=="
    }
  }
}
